dependencies:
- name: base
  repository: https://charts.josa.ngo
  version: 1.2.0
- name: mongodb
  repository: https://charts.bitnami.com/bitnami
  version: 16.3.1
- name: redis
  repository: https://charts.bitnami.com/bitnami
  version: 20.4.0
- name: minio
  repository: https://charts.bitnami.com/bitnami
  version: 14.8.5
- name: elasticsearch
  repository: https://charts.bitnami.com/bitnami
  version: 21.3.26
digest: sha256:1cc25a26c5aa08bef6431383974910f02afd7569d2003321dddd5c0c89835b57
generated: "2024-12-03T14:57:43.716193377+03:00"
